
Microsoft Visual Studio Solution File, Format Version 12.00
# Visual Studio Version 17
VisualStudioVersion = 17.7.34031.279
MinimumVisualStudioVersion = 10.0.40219.1
Project("{FAE04EC0-301F-11D3-BF4B-00C04F79EFBC}") = "RifaSistem", "RifaSistem\RifaSistem.csproj", "{143C429B-045A-4CC3-AE2C-2604B82A7633}"
EndProject
Global
	GlobalSection(SolutionConfigurationPlatforms) = preSolution
		Debug|Any CPU = Debug|Any CPU
		Release|Any CPU = Release|Any CPU
	EndGlobalSection
	GlobalSection(ProjectConfigurationPlatforms) = postSolution
		{143C429B-045A-4CC3-AE2C-2604B82A7633}.Debug|Any CPU.ActiveCfg = Debug|Any CPU
		{143C429B-045A-4CC3-AE2C-2604B82A7633}.Debug|Any CPU.Build.0 = Debug|Any CPU
		{143C429B-045A-4CC3-AE2C-2604B82A7633}.Release|Any CPU.ActiveCfg = Release|Any CPU
		{143C429B-045A-4CC3-AE2C-2604B82A7633}.Release|Any CPU.Build.0 = Release|Any CPU
	EndGlobalSection
	GlobalSection(SolutionProperties) = preSolution
		HideSolutionNode = FALSE
	EndGlobalSection
	GlobalSection(ExtensibilityGlobals) = postSolution
		SolutionGuid = {D1C44F97-6C40-48EC-8E86-D293C506C9C4}
	EndGlobalSection
EndGlobal
